
Microsoft Visual Studio Solution File, Format Version 12.00
# Visual Studio Version 16
VisualStudioVersion = 16.0.29609.76
MinimumVisualStudioVersion = 10.0.40219.1
Project("{2150E333-8FDC-42A3-9474-1A3956D46DE8}") = "source", "source", "{F67AF77B-FA78-4938-AE15-858FEB917353}"
EndProject
Project("{9A19103F-16F7-4668-BE54-9A1E7A4F7556}") = "Jingle", "src\core\Jingle.csproj", "{DAC97C25-4FA7-4327-A855-E921C41231BC}"
EndProject
Global
	GlobalSection(SolutionConfigurationPlatforms) = preSolution
		Debug|Any CPU = Debug|Any CPU
		Release|Any CPU = Release|Any CPU
	EndGlobalSection
	GlobalSection(ProjectConfigurationPlatforms) = postSolution
		{DAC97C25-4FA7-4327-A855-E921C41231BC}.Debug|Any CPU.ActiveCfg = Debug|Any CPU
		{DAC97C25-4FA7-4327-A855-E921C41231BC}.Debug|Any CPU.Build.0 = Debug|Any CPU
		{DAC97C25-4FA7-4327-A855-E921C41231BC}.Release|Any CPU.ActiveCfg = Release|Any CPU
		{DAC97C25-4FA7-4327-A855-E921C41231BC}.Release|Any CPU.Build.0 = Release|Any CPU
	EndGlobalSection
	GlobalSection(SolutionProperties) = preSolution
		HideSolutionNode = FALSE
	EndGlobalSection
	GlobalSection(NestedProjects) = preSolution
		{DAC97C25-4FA7-4327-A855-E921C41231BC} = {F67AF77B-FA78-4938-AE15-858FEB917353}
	EndGlobalSection
	GlobalSection(ExtensibilityGlobals) = postSolution
		SolutionGuid = {EAD2B0E9-EBDD-4788-AEA0-F090AB802A6B}
	EndGlobalSection
EndGlobal
